// !$*UTF8*$!
{
	archiveVersion = 1;
	classes = {
	};
	objectVersion = 48;
	objects = {

/* Begin PBXBuildFile section */
		040374CE1FB0E76300ECF674 /* AppDelegate.swift in Sources */ = {isa = PBXBuildFile; fileRef = 040374CD1FB0E76300ECF674 /* AppDelegate.swift */; };
		040374D01FB0E76300ECF674 /* RootViewController.swift in Sources */ = {isa = PBXBuildFile; fileRef = 040374CF1FB0E76300ECF674 /* RootViewController.swift */; };
		040374D31FB0E76300ECF674 /* Main.storyboard in Resources */ = {isa = PBXBuildFile; fileRef = 040374D11FB0E76300ECF674 /* Main.storyboard */; };
		040374D51FB0E76300ECF674 /* Assets.xcassets in Resources */ = {isa = PBXBuildFile; fileRef = 040374D41FB0E76300ECF674 /* Assets.xcassets */; };
		040374D81FB0E76300ECF674 /* LaunchScreen.storyboard in Resources */ = {isa = PBXBuildFile; fileRef = 040374D61FB0E76300ECF674 /* LaunchScreen.storyboard */; };
		040374E01FB1FAA900ECF674 /* CoreLocationCode.swift in Sources */ = {isa = PBXBuildFile; fileRef = 040374DF1FB1FAA900ECF674 /* CoreLocationCode.swift */; };
		040374E31FB2034400ECF674 /* GoogleService-Info.plist in Resources */ = {isa = PBXBuildFile; fileRef = 040374E21FB2034400ECF674 /* GoogleService-Info.plist */; };
		047BC4D61FB2558F008D64BA /* Extensions.swift in Sources */ = {isa = PBXBuildFile; fileRef = 047BC4D51FB2558F008D64BA /* Extensions.swift */; };
		2394C52747B15DDF4D4974E1 /* Pods_Carpool.framework in Frameworks */ = {isa = PBXBuildFile; fileRef = 7A74DFAF5A0894F0AFD06245 /* Pods_Carpool.framework */; };
		D730EF501FB0F015000DC3CB /* TripDetailViewController.swift in Sources */ = {isa = PBXBuildFile; fileRef = D730EF4F1FB0F015000DC3CB /* TripDetailViewController.swift */; };
		D7C7B7B11FB208110083DDD2 /* CreateTripViewController.swift in Sources */ = {isa = PBXBuildFile; fileRef = D7C7B7B01FB208110083DDD2 /* CreateTripViewController.swift */; };
/* End PBXBuildFile section */

/* Begin PBXFileReference section */
		040374CA1FB0E76300ECF674 /* Carpool.app */ = {isa = PBXFileReference; explicitFileType = wrapper.application; includeInIndex = 0; path = Carpool.app; sourceTree = BUILT_PRODUCTS_DIR; };
		040374CD1FB0E76300ECF674 /* AppDelegate.swift */ = {isa = PBXFileReference; lastKnownFileType = sourcecode.swift; path = AppDelegate.swift; sourceTree = "<group>"; };
		040374CF1FB0E76300ECF674 /* RootViewController.swift */ = {isa = PBXFileReference; lastKnownFileType = sourcecode.swift; path = RootViewController.swift; sourceTree = "<group>"; };
		040374D21FB0E76300ECF674 /* Base */ = {isa = PBXFileReference; lastKnownFileType = file.storyboard; name = Base; path = Base.lproj/Main.storyboard; sourceTree = "<group>"; };
		040374D41FB0E76300ECF674 /* Assets.xcassets */ = {isa = PBXFileReference; lastKnownFileType = folder.assetcatalog; path = Assets.xcassets; sourceTree = "<group>"; };
		040374D71FB0E76300ECF674 /* Base */ = {isa = PBXFileReference; lastKnownFileType = file.storyboard; name = Base; path = Base.lproj/LaunchScreen.storyboard; sourceTree = "<group>"; };
		040374D91FB0E76300ECF674 /* Info.plist */ = {isa = PBXFileReference; lastKnownFileType = text.plist.xml; path = Info.plist; sourceTree = "<group>"; };
		040374DF1FB1FAA900ECF674 /* CoreLocationCode.swift */ = {isa = PBXFileReference; lastKnownFileType = sourcecode.swift; path = CoreLocationCode.swift; sourceTree = "<group>"; };
		040374E21FB2034400ECF674 /* GoogleService-Info.plist */ = {isa = PBXFileReference; lastKnownFileType = text.plist.xml; path = "GoogleService-Info.plist"; sourceTree = "<group>"; };
		047BC4D51FB2558F008D64BA /* Extensions.swift */ = {isa = PBXFileReference; lastKnownFileType = sourcecode.swift; path = Extensions.swift; sourceTree = "<group>"; };
		25821B9585DDD8F3F066B2F3 /* Pods-Carpool.debug.xcconfig */ = {isa = PBXFileReference; includeInIndex = 1; lastKnownFileType = text.xcconfig; name = "Pods-Carpool.debug.xcconfig"; path = "Pods/Target Support Files/Pods-Carpool/Pods-Carpool.debug.xcconfig"; sourceTree = "<group>"; };
		7A74DFAF5A0894F0AFD06245 /* Pods_Carpool.framework */ = {isa = PBXFileReference; explicitFileType = wrapper.framework; includeInIndex = 0; path = Pods_Carpool.framework; sourceTree = BUILT_PRODUCTS_DIR; };
		A3F71753FE2C398040F8E139 /* Pods-Carpool.release.xcconfig */ = {isa = PBXFileReference; includeInIndex = 1; lastKnownFileType = text.xcconfig; name = "Pods-Carpool.release.xcconfig"; path = "Pods/Target Support Files/Pods-Carpool/Pods-Carpool.release.xcconfig"; sourceTree = "<group>"; };
		D730EF4F1FB0F015000DC3CB /* TripDetailViewController.swift */ = {isa = PBXFileReference; lastKnownFileType = sourcecode.swift; path = TripDetailViewController.swift; sourceTree = "<group>"; };
		D7C7B7B01FB208110083DDD2 /* CreateTripViewController.swift */ = {isa = PBXFileReference; lastKnownFileType = sourcecode.swift; path = CreateTripViewController.swift; sourceTree = "<group>"; };
/* End PBXFileReference section */

/* Begin PBXFrameworksBuildPhase section */
		040374C71FB0E76300ECF674 /* Frameworks */ = {
			isa = PBXFrameworksBuildPhase;
			buildActionMask = 2147483647;
			files = (
				2394C52747B15DDF4D4974E1 /* Pods_Carpool.framework in Frameworks */,
			);
			runOnlyForDeploymentPostprocessing = 0;
		};
/* End PBXFrameworksBuildPhase section */

/* Begin PBXGroup section */
		040374C11FB0E76300ECF674 = {
			isa = PBXGroup;
			children = (
				040374CC1FB0E76300ECF674 /* Carpool */,
				040374CB1FB0E76300ECF674 /* Products */,
				33C424533E35437BFC98C67A /* Pods */,
				B92835A34A9C6D7CAE731E35 /* Frameworks */,
			);
			sourceTree = "<group>";
		};
		040374CB1FB0E76300ECF674 /* Products */ = {
			isa = PBXGroup;
			children = (
				040374CA1FB0E76300ECF674 /* Carpool.app */,
			);
			name = Products;
			sourceTree = "<group>";
		};
		040374CC1FB0E76300ECF674 /* Carpool */ = {
			isa = PBXGroup;
			children = (
				040374CD1FB0E76300ECF674 /* AppDelegate.swift */,
				040374CF1FB0E76300ECF674 /* RootViewController.swift */,
				D730EF4F1FB0F015000DC3CB /* TripDetailViewController.swift */,
				040374DF1FB1FAA900ECF674 /* CoreLocationCode.swift */,
				040374D11FB0E76300ECF674 /* Main.storyboard */,
				D7C7B7B01FB208110083DDD2 /* CreateTripViewController.swift */,
				047BC4D51FB2558F008D64BA /* Extensions.swift */,
				040374D41FB0E76300ECF674 /* Assets.xcassets */,
				040374D61FB0E76300ECF674 /* LaunchScreen.storyboard */,
				040374D91FB0E76300ECF674 /* Info.plist */,
				040374E21FB2034400ECF674 /* GoogleService-Info.plist */,
			);
			path = Carpool;
			sourceTree = "<group>";
		};
		33C424533E35437BFC98C67A /* Pods */ = {
			isa = PBXGroup;
			children = (
				25821B9585DDD8F3F066B2F3 /* Pods-Carpool.debug.xcconfig */,
				A3F71753FE2C398040F8E139 /* Pods-Carpool.release.xcconfig */,
			);
			name = Pods;
			sourceTree = "<group>";
		};
		B92835A34A9C6D7CAE731E35 /* Frameworks */ = {
			isa = PBXGroup;
			children = (
				7A74DFAF5A0894F0AFD06245 /* Pods_Carpool.framework */,
			);
			name = Frameworks;
			sourceTree = "<group>";
		};
/* End PBXGroup section */

/* Begin PBXNativeTarget section */
		040374C91FB0E76300ECF674 /* Carpool */ = {
			isa = PBXNativeTarget;
			buildConfigurationList = 040374DC1FB0E76300ECF674 /* Build configuration list for PBXNativeTarget "Carpool" */;
			buildPhases = (
				C1867BA64EF6C03D319D6AC0 /* [CP] Check Pods Manifest.lock */,
				040374C61FB0E76300ECF674 /* Sources */,
				040374C71FB0E76300ECF674 /* Frameworks */,
				040374C81FB0E76300ECF674 /* Resources */,
				22BD62691414625786C3D3F9 /* [CP] Embed Pods Frameworks */,
				4D95EB932E39BFC2EEB12B75 /* [CP] Copy Pods Resources */,
			);
			buildRules = (
			);
			dependencies = (
			);
			name = Carpool;
			productName = Carpool;
			productReference = 040374CA1FB0E76300ECF674 /* Carpool.app */;
			productType = "com.apple.product-type.application";
		};
/* End PBXNativeTarget section */

/* Begin PBXProject section */
		040374C21FB0E76300ECF674 /* Project object */ = {
			isa = PBXProject;
			attributes = {
				LastSwiftUpdateCheck = 0910;
				LastUpgradeCheck = 0910;
				ORGANIZATIONNAME = "Immerzion Interactive";
				TargetAttributes = {
					040374C91FB0E76300ECF674 = {
						CreatedOnToolsVersion = 9.1;
						ProvisioningStyle = Automatic;
					};
				};
			};
			buildConfigurationList = 040374C51FB0E76300ECF674 /* Build configuration list for PBXProject "Carpool" */;
			compatibilityVersion = "Xcode 8.0";
			developmentRegion = en;
			hasScannedForEncodings = 0;
			knownRegions = (
				en,
				Base,
			);
			mainGroup = 040374C11FB0E76300ECF674;
			productRefGroup = 040374CB1FB0E76300ECF674 /* Products */;
			projectDirPath = "";
			projectRoot = "";
			targets = (
				040374C91FB0E76300ECF674 /* Carpool */,
			);
		};
/* End PBXProject section */

/* Begin PBXResourcesBuildPhase section */
		040374C81FB0E76300ECF674 /* Resources */ = {
			isa = PBXResourcesBuildPhase;
			buildActionMask = 2147483647;
			files = (
				040374D81FB0E76300ECF674 /* LaunchScreen.storyboard in Resources */,
				040374E31FB2034400ECF674 /* GoogleService-Info.plist in Resources */,
				040374D51FB0E76300ECF674 /* Assets.xcassets in Resources */,
				040374D31FB0E76300ECF674 /* Main.storyboard in Resources */,
			);
			runOnlyForDeploymentPostprocessing = 0;
		};
/* End PBXResourcesBuildPhase section */

/* Begin PBXShellScriptBuildPhase section */
		22BD62691414625786C3D3F9 /* [CP] Embed Pods Frameworks */ = {
			isa = PBXShellScriptBuildPhase;
			buildActionMask = 2147483647;
			files = (
			);
			inputPaths = (
				"${SRCROOT}/Pods/Target Support Files/Pods-Carpool/Pods-Carpool-frameworks.sh",
				"${BUILT_PRODUCTS_DIR}/CarpoolKit/CarpoolKit.framework",
				"${BUILT_PRODUCTS_DIR}/FirebaseCommunity/FirebaseCommunity.framework",
				"${BUILT_PRODUCTS_DIR}/GTMSessionFetcher/GTMSessionFetcher.framework",
				"${BUILT_PRODUCTS_DIR}/GoogleToolboxForMac/GoogleToolboxForMac.framework",
				"${BUILT_PRODUCTS_DIR}/PromiseKit/PromiseKit.framework",
				"${BUILT_PRODUCTS_DIR}/leveldb-library/leveldb.framework",
			);
			name = "[CP] Embed Pods Frameworks";
			outputPaths = (
				"${TARGET_BUILD_DIR}/${FRAMEWORKS_FOLDER_PATH}/CarpoolKit.framework",
				"${TARGET_BUILD_DIR}/${FRAMEWORKS_FOLDER_PATH}/FirebaseCommunity.framework",
				"${TARGET_BUILD_DIR}/${FRAMEWORKS_FOLDER_PATH}/GTMSessionFetcher.framework",
				"${TARGET_BUILD_DIR}/${FRAMEWORKS_FOLDER_PATH}/GoogleToolboxForMac.framework",
				"${TARGET_BUILD_DIR}/${FRAMEWORKS_FOLDER_PATH}/PromiseKit.framework",
				"${TARGET_BUILD_DIR}/${FRAMEWORKS_FOLDER_PATH}/leveldb.framework",
			);
			runOnlyForDeploymentPostprocessing = 0;
			shellPath = /bin/sh;
			shellScript = "\"${SRCROOT}/Pods/Target Support Files/Pods-Carpool/Pods-Carpool-frameworks.sh\"\n";
			showEnvVarsInLog = 0;
		};
		4D95EB932E39BFC2EEB12B75 /* [CP] Copy Pods Resources */ = {
			isa = PBXShellScriptBuildPhase;
			buildActionMask = 2147483647;
			files = (
			);
			inputPaths = (
			);
			name = "[CP] Copy Pods Resources";
			outputPaths = (
			);
			runOnlyForDeploymentPostprocessing = 0;
			shellPath = /bin/sh;
			shellScript = "\"${SRCROOT}/Pods/Target Support Files/Pods-Carpool/Pods-Carpool-resources.sh\"\n";
			showEnvVarsInLog = 0;
		};
		C1867BA64EF6C03D319D6AC0 /* [CP] Check Pods Manifest.lock */ = {
			isa = PBXShellScriptBuildPhase;
			buildActionMask = 2147483647;
			files = (
			);
			inputPaths = (
				"${PODS_PODFILE_DIR_PATH}/Podfile.lock",
				"${PODS_ROOT}/Manifest.lock",
			);
			name = "[CP] Check Pods Manifest.lock";
			outputPaths = (
				"$(DERIVED_FILE_DIR)/Pods-Carpool-checkManifestLockResult.txt",
			);
			runOnlyForDeploymentPostprocessing = 0;
			shellPath = /bin/sh;
			shellScript = "diff \"${PODS_PODFILE_DIR_PATH}/Podfile.lock\" \"${PODS_ROOT}/Manifest.lock\" > /dev/null\nif [ $? != 0 ] ; then\n    # print error to STDERR\n    echo \"error: The sandbox is not in sync with the Podfile.lock. Run 'pod install' or update your CocoaPods installation.\" >&2\n    exit 1\nfi\n# This output is used by Xcode 'outputs' to avoid re-running this script phase.\necho \"SUCCESS\" > \"${SCRIPT_OUTPUT_FILE_0}\"\n";
			showEnvVarsInLog = 0;
		};
/* End PBXShellScriptBuildPhase section */

/* Begin PBXSourcesBuildPhase section */
		040374C61FB0E76300ECF674 /* Sources */ = {
			isa = PBXSourcesBuildPhase;
			buildActionMask = 2147483647;
			files = (
				D730EF501FB0F015000DC3CB /* TripDetailViewController.swift in Sources */,
				047BC4D61FB2558F008D64BA /* Extensions.swift in Sources */,
				040374D01FB0E76300ECF674 /* RootViewController.swift in Sources */,
				040374E01FB1FAA900ECF674 /* CoreLocationCode.swift in Sources */,
				040374CE1FB0E76300ECF674 /* AppDelegate.swift in Sources */,
				D7C7B7B11FB208110083DDD2 /* CreateTripViewController.swift in Sources */,
			);
			runOnlyForDeploymentPostprocessing = 0;
		};
/* End PBXSourcesBuildPhase section */

/* Begin PBXVariantGroup section */
		040374D11FB0E76300ECF674 /* Main.storyboard */ = {
			isa = PBXVariantGroup;
			children = (
				040374D21FB0E76300ECF674 /* Base */,
			);
			name = Main.storyboard;
			sourceTree = "<group>";
		};
		040374D61FB0E76300ECF674 /* LaunchScreen.storyboard */ = {
			isa = PBXVariantGroup;
			children = (
				040374D71FB0E76300ECF674 /* Base */,
			);
			name = LaunchScreen.storyboard;
			sourceTree = "<group>";
		};
/* End PBXVariantGroup section */

/* Begin XCBuildConfiguration section */
		040374DA1FB0E76300ECF674 /* Debug */ = {
			isa = XCBuildConfiguration;
			buildSettings = {
				ALWAYS_SEARCH_USER_PATHS = NO;
				CLANG_ANALYZER_NONNULL = YES;
				CLANG_ANALYZER_NUMBER_OBJECT_CONVERSION = YES_AGGRESSIVE;
				CLANG_CXX_LANGUAGE_STANDARD = "gnu++14";
				CLANG_CXX_LIBRARY = "libc++";
				CLANG_ENABLE_MODULES = YES;
				CLANG_ENABLE_OBJC_ARC = YES;
				CLANG_WARN_BLOCK_CAPTURE_AUTORELEASING = YES;
				CLANG_WARN_BOOL_CONVERSION = YES;
				CLANG_WARN_COMMA = YES;
				CLANG_WARN_CONSTANT_CONVERSION = YES;
				CLANG_WARN_DIRECT_OBJC_ISA_USAGE = YES_ERROR;
				CLANG_WARN_DOCUMENTATION_COMMENTS = YES;
				CLANG_WARN_EMPTY_BODY = YES;
				CLANG_WARN_ENUM_CONVERSION = YES;
				CLANG_WARN_INFINITE_RECURSION = YES;
				CLANG_WARN_INT_CONVERSION = YES;
				CLANG_WARN_NON_LITERAL_NULL_CONVERSION = YES;
				CLANG_WARN_OBJC_LITERAL_CONVERSION = YES;
				CLANG_WARN_OBJC_ROOT_CLASS = YES_ERROR;
				CLANG_WARN_RANGE_LOOP_ANALYSIS = YES;
				CLANG_WARN_STRICT_PROTOTYPES = YES;
				CLANG_WARN_SUSPICIOUS_MOVE = YES;
				CLANG_WARN_UNGUARDED_AVAILABILITY = YES_AGGRESSIVE;
				CLANG_WARN_UNREACHABLE_CODE = YES;
				CLANG_WARN__DUPLICATE_METHOD_MATCH = YES;
				CODE_SIGN_IDENTITY = "iPhone Developer";
				COPY_PHASE_STRIP = NO;
				DEBUG_INFORMATION_FORMAT = dwarf;
				ENABLE_STRICT_OBJC_MSGSEND = YES;
				ENABLE_TESTABILITY = YES;
				GCC_C_LANGUAGE_STANDARD = gnu11;
				GCC_DYNAMIC_NO_PIC = NO;
				GCC_NO_COMMON_BLOCKS = YES;
				GCC_OPTIMIZATION_LEVEL = 0;
				GCC_PREPROCESSOR_DEFINITIONS = (
					"DEBUG=1",
					"$(inherited)",
				);
				GCC_WARN_64_TO_32_BIT_CONVERSION = YES;
				GCC_WARN_ABOUT_RETURN_TYPE = YES_ERROR;
				GCC_WARN_UNDECLARED_SELECTOR = YES;
				GCC_WARN_UNINITIALIZED_AUTOS = YES_AGGRESSIVE;
				GCC_WARN_UNUSED_FUNCTION = YES;
				GCC_WARN_UNUSED_VARIABLE = YES;
				IPHONEOS_DEPLOYMENT_TARGET = 11.1;
				MTL_ENABLE_DEBUG_INFO = YES;
				ONLY_ACTIVE_ARCH = YES;
				SDKROOT = iphoneos;
				SWIFT_ACTIVE_COMPILATION_CONDITIONS = DEBUG;
				SWIFT_OPTIMIZATION_LEVEL = "-Onone";
			};
			name = Debug;
		};
		040374DB1FB0E76300ECF674 /* Release */ = {
			isa = XCBuildConfiguration;
			buildSettings = {
				ALWAYS_SEARCH_USER_PATHS = NO;
				CLANG_ANALYZER_NONNULL = YES;
				CLANG_ANALYZER_NUMBER_OBJECT_CONVERSION = YES_AGGRESSIVE;
				CLANG_CXX_LANGUAGE_STANDARD = "gnu++14";
				CLANG_CXX_LIBRARY = "libc++";
				CLANG_ENABLE_MODULES = YES;
				CLANG_ENABLE_OBJC_ARC = YES;
				CLANG_WARN_BLOCK_CAPTURE_AUTORELEASING = YES;
				CLANG_WARN_BOOL_CONVERSION = YES;
				CLANG_WARN_COMMA = YES;
				CLANG_WARN_CONSTANT_CONVERSION = YES;
				CLANG_WARN_DIRECT_OBJC_ISA_USAGE = YES_ERROR;
				CLANG_WARN_DOCUMENTATION_COMMENTS = YES;
				CLANG_WARN_EMPTY_BODY = YES;
				CLANG_WARN_ENUM_CONVERSION = YES;
				CLANG_WARN_INFINITE_RECURSION = YES;
				CLANG_WARN_INT_CONVERSION = YES;
				CLANG_WARN_NON_LITERAL_NULL_CONVERSION = YES;
				CLANG_WARN_OBJC_LITERAL_CONVERSION = YES;
				CLANG_WARN_OBJC_ROOT_CLASS = YES_ERROR;
				CLANG_WARN_RANGE_LOOP_ANALYSIS = YES;
				CLANG_WARN_STRICT_PROTOTYPES = YES;
				CLANG_WARN_SUSPICIOUS_MOVE = YES;
				CLANG_WARN_UNGUARDED_AVAILABILITY = YES_AGGRESSIVE;
				CLANG_WARN_UNREACHABLE_CODE = YES;
				CLANG_WARN__DUPLICATE_METHOD_MATCH = YES;
				CODE_SIGN_IDENTITY = "iPhone Developer";
				COPY_PHASE_STRIP = NO;
				DEBUG_INFORMATION_FORMAT = "dwarf-with-dsym";
				ENABLE_NS_ASSERTIONS = NO;
				ENABLE_STRICT_OBJC_MSGSEND = YES;
				GCC_C_LANGUAGE_STANDARD = gnu11;
				GCC_NO_COMMON_BLOCKS = YES;
				GCC_WARN_64_TO_32_BIT_CONVERSION = YES;
				GCC_WARN_ABOUT_RETURN_TYPE = YES_ERROR;
				GCC_WARN_UNDECLARED_SELECTOR = YES;
				GCC_WARN_UNINITIALIZED_AUTOS = YES_AGGRESSIVE;
				GCC_WARN_UNUSED_FUNCTION = YES;
				GCC_WARN_UNUSED_VARIABLE = YES;
				IPHONEOS_DEPLOYMENT_TARGET = 11.1;
				MTL_ENABLE_DEBUG_INFO = NO;
				SDKROOT = iphoneos;
				SWIFT_OPTIMIZATION_LEVEL = "-Owholemodule";
				VALIDATE_PRODUCT = YES;
			};
			name = Release;
		};
		040374DD1FB0E76300ECF674 /* Debug */ = {
			isa = XCBuildConfiguration;
			baseConfigurationReference = 25821B9585DDD8F3F066B2F3 /* Pods-Carpool.debug.xcconfig */;
			buildSettings = {
				ASSETCATALOG_COMPILER_APPICON_NAME = AppIcon;
				CODE_SIGN_STYLE = Automatic;
				DEVELOPMENT_TEAM = 2UGUG4XHJY;
				INFOPLIST_FILE = Carpool/Info.plist;
				LD_RUNPATH_SEARCH_PATHS = "$(inherited) @executable_path/Frameworks";
				PRODUCT_BUNDLE_IDENTIFIER = io.github.immerzion.Carpool;
				PRODUCT_NAME = "$(TARGET_NAME)";
				SWIFT_VERSION = 4.0;
				TARGETED_DEVICE_FAMILY = "1,2";
			};
			name = Debug;
		};
		040374DE1FB0E76300ECF674 /* Release */ = {
			isa = XCBuildConfiguration;
			baseConfigurationReference = A3F71753FE2C398040F8E139 /* Pods-Carpool.release.xcconfig */;
			buildSettings = {
				ASSETCATALOG_COMPILER_APPICON_NAME = AppIcon;
				CODE_SIGN_STYLE = Automatic;
				DEVELOPMENT_TEAM = 2UGUG4XHJY;
				INFOPLIST_FILE = Carpool/Info.plist;
				LD_RUNPATH_SEARCH_PATHS = "$(inherited) @executable_path/Frameworks";
				PRODUCT_BUNDLE_IDENTIFIER = io.github.immerzion.Carpool;
				PRODUCT_NAME = "$(TARGET_NAME)";
				SWIFT_VERSION = 4.0;
				TARGETED_DEVICE_FAMILY = "1,2";
			};
			name = Release;
		};
/* End XCBuildConfiguration section */

/* Begin XCConfigurationList section */
		040374C51FB0E76300ECF674 /* Build configuration list for PBXProject "Carpool" */ = {
			isa = XCConfigurationList;
			buildConfigurations = (
				040374DA1FB0E76300ECF674 /* Debug */,
				040374DB1FB0E76300ECF674 /* Release */,
			);
			defaultConfigurationIsVisible = 0;
			defaultConfigurationName = Release;
		};
		040374DC1FB0E76300ECF674 /* Build configuration list for PBXNativeTarget "Carpool" */ = {
			isa = XCConfigurationList;
			buildConfigurations = (
				040374DD1FB0E76300ECF674 /* Debug */,
				040374DE1FB0E76300ECF674 /* Release */,
			);
			defaultConfigurationIsVisible = 0;
			defaultConfigurationName = Release;
		};
/* End XCConfigurationList section */
	};
	rootObject = 040374C21FB0E76300ECF674 /* Project object */;
}
